
Microsoft Visual Studio Solution File, Format Version 12.00
# Visual Studio Version 17
VisualStudioVersion = 17.13.35919.96 d17.13
MinimumVisualStudioVersion = 10.0.40219.1
Project("{FAE04EC0-301F-11D3-BF4B-00C04F79EFBC}") = "assignment 3", "assignment 3\assignment 3.csproj", "{D2025741-5E40-479C-89F3-36556FE67319}"
EndProject
Global
	GlobalSection(SolutionConfigurationPlatforms) = preSolution
		Debug|Any CPU = Debug|Any CPU
		Release|Any CPU = Release|Any CPU
	EndGlobalSection
	GlobalSection(ProjectConfigurationPlatforms) = postSolution
		{D2025741-5E40-479C-89F3-36556FE67319}.Debug|Any CPU.ActiveCfg = Debug|Any CPU
		{D2025741-5E40-479C-89F3-36556FE67319}.Debug|Any CPU.Build.0 = Debug|Any CPU
		{D2025741-5E40-479C-89F3-36556FE67319}.Release|Any CPU.ActiveCfg = Release|Any CPU
		{D2025741-5E40-479C-89F3-36556FE67319}.Release|Any CPU.Build.0 = Release|Any CPU
	EndGlobalSection
	GlobalSection(SolutionProperties) = preSolution
		HideSolutionNode = FALSE
	EndGlobalSection
	GlobalSection(ExtensibilityGlobals) = postSolution
		SolutionGuid = {E0387BCF-89D0-4F9B-AD7F-F9BE63C67419}
	EndGlobalSection
EndGlobal
